prepare:
  cmd: python src/prepare.py data/data.xml
  deps:
  - path: data/data.xml
    md5: a304afb96060aad90176268345e10355
  - path: src/prepare.py
    md5: 285af85d794bb57e5d09ace7209f3519
  params:
    params.yaml:
      prepare.seed: 20170428
      prepare.split: 0.2
  outs:
  - path: data/prepared
    md5: 20b786b6e6f80e2b3fcf17827ad18597.dir
featurize:
  cmd: python src/featurization.py data/prepared data/features
  deps:
  - path: data/prepared
    md5: 20b786b6e6f80e2b3fcf17827ad18597.dir
  - path: src/featurization.py
    md5: 02180903aa05599ceaa6ff6ee2471d00
  params:
    params.yaml:
      featurize.max_features: 1500
      featurize.ngrams: 3
  outs:
  - path: data/features
    md5: a50924d27b5ff0f023344d9b33d1d7bf.dir
train:
  cmd: python src/train.py data/features model.pkl
  deps:
  - path: data/features
    md5: a50924d27b5ff0f023344d9b33d1d7bf.dir
  - path: src/train.py
    md5: ad8e71b2cca4334a7d3bb6495645068c
  params:
    params.yaml:
      train.n_estimators: 50
      train.seed: 20170428
  outs:
  - path: model.pkl
    md5: cae39216800f6d336153d8973ebbc752
evaluate:
  cmd: python src/evaluate.py model.pkl data/features scores.json prc.json
  deps:
  - path: data/features
    md5: a50924d27b5ff0f023344d9b33d1d7bf.dir
  - path: model.pkl
    md5: cae39216800f6d336153d8973ebbc752
  - path: src/evaluate.py
    md5: 631fd3f13434edcf4abd56a5b798e8b2
  outs:
  - path: prc.json
    md5: 5e14c10fda34f0a11bc60cae90ab69ec
  - path: scores.json
    md5: f3fbd4f5b7440e5cb2a5311f9bb2d392
